
Microsoft Visual Studio Solution File, Format Version 12.00
# Visual Studio Version 17
VisualStudioVersion = 17.0.31903.59
MinimumVisualStudioVersion = 10.0.40219.1
Project("{2150E333-8FDC-42A3-9474-1A3956D46DE8}") = "src", "src", "{827E0CD3-B72D-47B6-A68D-7590B98EB39B}"
EndProject
Project("{FAE04EC0-301F-11D3-BF4B-00C04F79EFBC}") = "EquityBrief.Core", "src\EquityBrief.Core\EquityBrief.Core.csproj", "{B6D5387A-7E07-4749-AEB4-082DA6ABEBC7}"
EndProject
Project("{FAE04EC0-301F-11D3-BF4B-00C04F79EFBC}") = "EquityBrief.Data", "src\EquityBrief.Data\EquityBrief.Data.csproj", "{BBAD3046-8502-4915-BC57-E45803E2AD2C}"
EndProject
Project("{FAE04EC0-301F-11D3-BF4B-00C04F79EFBC}") = "EquityBrief.Web", "src\EquityBrief.Web\EquityBrief.Web.csproj", "{6D899278-5DFA-4AFE-9FF6-60DF21245C4E}"
EndProject
Project("{FAE04EC0-301F-11D3-BF4B-00C04F79EFBC}") = "EquityBrief.Api", "src\EquityBrief.Api\EquityBrief.Api.csproj", "{19FEE72D-3BC2-4C1A-B01F-5C777D96FDE2}"
EndProject
Project("{FAE04EC0-301F-11D3-BF4B-00C04F79EFBC}") = "EquityBrief.Worker", "src\EquityBrief.Worker\EquityBrief.Worker.csproj", "{B34B90E6-30D2-41AC-B63B-0E434FF25106}"
EndProject
Project("{FAE04EC0-301F-11D3-BF4B-00C04F79EFBC}") = "EquityBrief.Tests", "src\EquityBrief.Tests\EquityBrief.Tests.csproj", "{B1E0299A-3A0A-41EF-94EA-1E5277CBC76C}"
EndProject
Global
	GlobalSection(SolutionConfigurationPlatforms) = preSolution
		Debug|Any CPU = Debug|Any CPU
		Debug|x64 = Debug|x64
		Debug|x86 = Debug|x86
		Release|Any CPU = Release|Any CPU
		Release|x64 = Release|x64
		Release|x86 = Release|x86
	EndGlobalSection
	GlobalSection(ProjectConfigurationPlatforms) = postSolution
		{B6D5387A-7E07-4749-AEB4-082DA6ABEBC7}.Debug|Any CPU.ActiveCfg = Debug|Any CPU
		{B6D5387A-7E07-4749-AEB4-082DA6ABEBC7}.Debug|Any CPU.Build.0 = Debug|Any CPU
		{B6D5387A-7E07-4749-AEB4-082DA6ABEBC7}.Debug|x64.ActiveCfg = Debug|Any CPU
		{B6D5387A-7E07-4749-AEB4-082DA6ABEBC7}.Debug|x64.Build.0 = Debug|Any CPU
		{B6D5387A-7E07-4749-AEB4-082DA6ABEBC7}.Debug|x86.ActiveCfg = Debug|Any CPU
		{B6D5387A-7E07-4749-AEB4-082DA6ABEBC7}.Debug|x86.Build.0 = Debug|Any CPU
		{B6D5387A-7E07-4749-AEB4-082DA6ABEBC7}.Release|Any CPU.ActiveCfg = Release|Any CPU
		{B6D5387A-7E07-4749-AEB4-082DA6ABEBC7}.Release|Any CPU.Build.0 = Release|Any CPU
		{B6D5387A-7E07-4749-AEB4-082DA6ABEBC7}.Release|x64.ActiveCfg = Release|Any CPU
		{B6D5387A-7E07-4749-AEB4-082DA6ABEBC7}.Release|x64.Build.0 = Release|Any CPU
		{B6D5387A-7E07-4749-AEB4-082DA6ABEBC7}.Release|x86.ActiveCfg = Release|Any CPU
		{B6D5387A-7E07-4749-AEB4-082DA6ABEBC7}.Release|x86.Build.0 = Release|Any CPU
		{BBAD3046-8502-4915-BC57-E45803E2AD2C}.Debug|Any CPU.ActiveCfg = Debug|Any CPU
		{BBAD3046-8502-4915-BC57-E45803E2AD2C}.Debug|Any CPU.Build.0 = Debug|Any CPU
		{BBAD3046-8502-4915-BC57-E45803E2AD2C}.Debug|x64.ActiveCfg = Debug|Any CPU
		{BBAD3046-8502-4915-BC57-E45803E2AD2C}.Debug|x64.Build.0 = Debug|Any CPU
		{BBAD3046-8502-4915-BC57-E45803E2AD2C}.Debug|x86.ActiveCfg = Debug|Any CPU
		{BBAD3046-8502-4915-BC57-E45803E2AD2C}.Debug|x86.Build.0 = Debug|Any CPU
		{BBAD3046-8502-4915-BC57-E45803E2AD2C}.Release|Any CPU.ActiveCfg = Release|Any CPU
		{BBAD3046-8502-4915-BC57-E45803E2AD2C}.Release|Any CPU.Build.0 = Release|Any CPU
		{BBAD3046-8502-4915-BC57-E45803E2AD2C}.Release|x64.ActiveCfg = Release|Any CPU
		{BBAD3046-8502-4915-BC57-E45803E2AD2C}.Release|x64.Build.0 = Release|Any CPU
		{BBAD3046-8502-4915-BC57-E45803E2AD2C}.Release|x86.ActiveCfg = Release|Any CPU
		{BBAD3046-8502-4915-BC57-E45803E2AD2C}.Release|x86.Build.0 = Release|Any CPU
		{6D899278-5DFA-4AFE-9FF6-60DF21245C4E}.Debug|Any CPU.ActiveCfg = Debug|Any CPU
		{6D899278-5DFA-4AFE-9FF6-60DF21245C4E}.Debug|Any CPU.Build.0 = Debug|Any CPU
		{6D899278-5DFA-4AFE-9FF6-60DF21245C4E}.Debug|x64.ActiveCfg = Debug|Any CPU
		{6D899278-5DFA-4AFE-9FF6-60DF21245C4E}.Debug|x64.Build.0 = Debug|Any CPU
		{6D899278-5DFA-4AFE-9FF6-60DF21245C4E}.Debug|x86.ActiveCfg = Debug|Any CPU
		{6D899278-5DFA-4AFE-9FF6-60DF21245C4E}.Debug|x86.Build.0 = Debug|Any CPU
		{6D899278-5DFA-4AFE-9FF6-60DF21245C4E}.Release|Any CPU.ActiveCfg = Release|Any CPU
		{6D899278-5DFA-4AFE-9FF6-60DF21245C4E}.Release|Any CPU.Build.0 = Release|Any CPU
		{6D899278-5DFA-4AFE-9FF6-60DF21245C4E}.Release|x64.ActiveCfg = Release|Any CPU
		{6D899278-5DFA-4AFE-9FF6-60DF21245C4E}.Release|x64.Build.0 = Release|Any CPU
		{6D899278-5DFA-4AFE-9FF6-60DF21245C4E}.Release|x86.ActiveCfg = Release|Any CPU
		{6D899278-5DFA-4AFE-9FF6-60DF21245C4E}.Release|x86.Build.0 = Release|Any CPU
		{19FEE72D-3BC2-4C1A-B01F-5C777D96FDE2}.Debug|Any CPU.ActiveCfg = Debug|Any CPU
		{19FEE72D-3BC2-4C1A-B01F-5C777D96FDE2}.Debug|Any CPU.Build.0 = Debug|Any CPU
		{19FEE72D-3BC2-4C1A-B01F-5C777D96FDE2}.Debug|x64.ActiveCfg = Debug|Any CPU
		{19FEE72D-3BC2-4C1A-B01F-5C777D96FDE2}.Debug|x64.Build.0 = Debug|Any CPU
		{19FEE72D-3BC2-4C1A-B01F-5C777D96FDE2}.Debug|x86.ActiveCfg = Debug|Any CPU
		{19FEE72D-3BC2-4C1A-B01F-5C777D96FDE2}.Debug|x86.Build.0 = Debug|Any CPU
		{19FEE72D-3BC2-4C1A-B01F-5C777D96FDE2}.Release|Any CPU.ActiveCfg = Release|Any CPU
		{19FEE72D-3BC2-4C1A-B01F-5C777D96FDE2}.Release|Any CPU.Build.0 = Release|Any CPU
		{19FEE72D-3BC2-4C1A-B01F-5C777D96FDE2}.Release|x64.ActiveCfg = Release|Any CPU
		{19FEE72D-3BC2-4C1A-B01F-5C777D96FDE2}.Release|x64.Build.0 = Release|Any CPU
		{19FEE72D-3BC2-4C1A-B01F-5C777D96FDE2}.Release|x86.ActiveCfg = Release|Any CPU
		{19FEE72D-3BC2-4C1A-B01F-5C777D96FDE2}.Release|x86.Build.0 = Release|Any CPU
		{B34B90E6-30D2-41AC-B63B-0E434FF25106}.Debug|Any CPU.ActiveCfg = Debug|Any CPU
		{B34B90E6-30D2-41AC-B63B-0E434FF25106}.Debug|Any CPU.Build.0 = Debug|Any CPU
		{B34B90E6-30D2-41AC-B63B-0E434FF25106}.Debug|x64.ActiveCfg = Debug|Any CPU
		{B34B90E6-30D2-41AC-B63B-0E434FF25106}.Debug|x64.Build.0 = Debug|Any CPU
		{B34B90E6-30D2-41AC-B63B-0E434FF25106}.Debug|x86.ActiveCfg = Debug|Any CPU
		{B34B90E6-30D2-41AC-B63B-0E434FF25106}.Debug|x86.Build.0 = Debug|Any CPU
		{B34B90E6-30D2-41AC-B63B-0E434FF25106}.Release|Any CPU.ActiveCfg = Release|Any CPU
		{B34B90E6-30D2-41AC-B63B-0E434FF25106}.Release|Any CPU.Build.0 = Release|Any CPU
		{B34B90E6-30D2-41AC-B63B-0E434FF25106}.Release|x64.ActiveCfg = Release|Any CPU
		{B34B90E6-30D2-41AC-B63B-0E434FF25106}.Release|x64.Build.0 = Release|Any CPU
		{B34B90E6-30D2-41AC-B63B-0E434FF25106}.Release|x86.ActiveCfg = Release|Any CPU
		{B34B90E6-30D2-41AC-B63B-0E434FF25106}.Release|x86.Build.0 = Release|Any CPU
		{B1E0299A-3A0A-41EF-94EA-1E5277CBC76C}.Debug|Any CPU.ActiveCfg = Debug|Any CPU
		{B1E0299A-3A0A-41EF-94EA-1E5277CBC76C}.Debug|Any CPU.Build.0 = Debug|Any CPU
		{B1E0299A-3A0A-41EF-94EA-1E5277CBC76C}.Debug|x64.ActiveCfg = Debug|Any CPU
		{B1E0299A-3A0A-41EF-94EA-1E5277CBC76C}.Debug|x64.Build.0 = Debug|Any CPU
		{B1E0299A-3A0A-41EF-94EA-1E5277CBC76C}.Debug|x86.ActiveCfg = Debug|Any CPU
		{B1E0299A-3A0A-41EF-94EA-1E5277CBC76C}.Debug|x86.Build.0 = Debug|Any CPU
		{B1E0299A-3A0A-41EF-94EA-1E5277CBC76C}.Release|Any CPU.ActiveCfg = Release|Any CPU
		{B1E0299A-3A0A-41EF-94EA-1E5277CBC76C}.Release|Any CPU.Build.0 = Release|Any CPU
		{B1E0299A-3A0A-41EF-94EA-1E5277CBC76C}.Release|x64.ActiveCfg = Release|Any CPU
		{B1E0299A-3A0A-41EF-94EA-1E5277CBC76C}.Release|x64.Build.0 = Release|Any CPU
		{B1E0299A-3A0A-41EF-94EA-1E5277CBC76C}.Release|x86.ActiveCfg = Release|Any CPU
		{B1E0299A-3A0A-41EF-94EA-1E5277CBC76C}.Release|x86.Build.0 = Release|Any CPU
	EndGlobalSection
	GlobalSection(SolutionProperties) = preSolution
		HideSolutionNode = FALSE
	EndGlobalSection
	GlobalSection(NestedProjects) = preSolution
		{B6D5387A-7E07-4749-AEB4-082DA6ABEBC7} = {827E0CD3-B72D-47B6-A68D-7590B98EB39B}
		{BBAD3046-8502-4915-BC57-E45803E2AD2C} = {827E0CD3-B72D-47B6-A68D-7590B98EB39B}
		{6D899278-5DFA-4AFE-9FF6-60DF21245C4E} = {827E0CD3-B72D-47B6-A68D-7590B98EB39B}
		{19FEE72D-3BC2-4C1A-B01F-5C777D96FDE2} = {827E0CD3-B72D-47B6-A68D-7590B98EB39B}
		{B34B90E6-30D2-41AC-B63B-0E434FF25106} = {827E0CD3-B72D-47B6-A68D-7590B98EB39B}
		{B1E0299A-3A0A-41EF-94EA-1E5277CBC76C} = {827E0CD3-B72D-47B6-A68D-7590B98EB39B}
	EndGlobalSection
EndGlobal
